{
  "requires": true,
  "lockfileVersion": 1,
  "dependencies": {
    "gsap": {
      "version": "3.2.2",
      "resolved": "https://registry.npmjs.org/gsap/-/gsap-3.2.2.tgz",
      "integrity": "sha512-NGZkzIMHSpUvC+cVdlMk2Dwwou0tJTIitMoNe4LICgHDgOnwoOcklXlyF3E1sX21TVk0FeSNNMs8x7G+Ee8Hig=="
    }
  }
}
